
Microsoft Visual Studio Solution File, Format Version 12.00
# Visual Studio Version 16
VisualStudioVersion = 16.0.30709.132
MinimumVisualStudioVersion = 10.0.40219.1
Project("{2150E333-8FDC-42A3-9474-1A3956D46DE8}") = "Übersicht  AspNetCore Projects", "Übersicht  AspNetCore Projects", "{1C6AC8E2-05F4-4BB1-BBA0-A8EE24A8B0D5}"
EndProject
Project("{FAE04EC0-301F-11D3-BF4B-00C04F79EFBC}") = "RazorPages_OverviewSample", "RazorPages_OverviewSample\RazorPages_OverviewSample.csproj", "{408DCCCE-EB2F-40EC-9BD4-C0E6F7CF7ED8}"
EndProject
Project("{FAE04EC0-301F-11D3-BF4B-00C04F79EFBC}") = "MVC_OverviewSample", "MVC_OverviewSample\MVC_OverviewSample.csproj", "{89FE57E4-9D1F-44DA-8A9F-F3D8350373FA}"
EndProject
Project("{2150E333-8FDC-42A3-9474-1A3956D46DE8}") = "Dependency Injections", "Dependency Injections", "{82E67990-EFB4-4E11-8D1E-727BA1B61549}"
EndProject
Project("{FAE04EC0-301F-11D3-BF4B-00C04F79EFBC}") = "DependencyLib.Entities", "DependencyLib\DependencyLib.Entities.csproj", "{084EEB5D-78F6-461D-9231-FA693E979D33}"
EndProject
Project("{FAE04EC0-301F-11D3-BF4B-00C04F79EFBC}") = "DependencyConsolenApp", "DependencyConsolenApp\DependencyConsolenApp.csproj", "{9B3F73FF-7DF0-432B-A7F3-CB3C5F5D4555}"
EndProject
Project("{FAE04EC0-301F-11D3-BF4B-00C04F79EFBC}") = "DependencyLib.Service", "DependencyLib.Service\DependencyLib.Service.csproj", "{8D51843C-1095-4ACC-8825-8D9697547EA2}"
EndProject
Project("{FAE04EC0-301F-11D3-BF4B-00C04F79EFBC}") = "GoodConsolenAppWithDI", "GoodConsolenAppWithDI\GoodConsolenAppWithDI.csproj", "{5A6AF9EE-A7B6-4DF7-8242-E98BD937E4E1}"
EndProject
Project("{FAE04EC0-301F-11D3-BF4B-00C04F79EFBC}") = "GoodDependencyLib.Entities", "GoodDependencyLib.Entities\GoodDependencyLib.Entities.csproj", "{7D2B63B2-362A-439F-8F1C-FCBC1B57B244}"
EndProject
Project("{FAE04EC0-301F-11D3-BF4B-00C04F79EFBC}") = "GoodDependencyLib.Service", "GoodDependencyLib.Service\GoodDependencyLib.Service.csproj", "{5ADCADD6-0D74-4B57-8F2B-B78C3E457248}"
EndProject
Project("{FAE04EC0-301F-11D3-BF4B-00C04F79EFBC}") = "DevExpressCarImpl", "DevExpressCarImpl\DevExpressCarImpl.csproj", "{6BC21862-754A-451D-81B1-BC5B88F2C568}"
EndProject
Global
	GlobalSection(SolutionConfigurationPlatforms) = preSolution
		Debug|Any CPU = Debug|Any CPU
		Release|Any CPU = Release|Any CPU
	EndGlobalSection
	GlobalSection(ProjectConfigurationPlatforms) = postSolution
		{408DCCCE-EB2F-40EC-9BD4-C0E6F7CF7ED8}.Debug|Any CPU.ActiveCfg = Debug|Any CPU
		{408DCCCE-EB2F-40EC-9BD4-C0E6F7CF7ED8}.Debug|Any CPU.Build.0 = Debug|Any CPU
		{408DCCCE-EB2F-40EC-9BD4-C0E6F7CF7ED8}.Release|Any CPU.ActiveCfg = Release|Any CPU
		{408DCCCE-EB2F-40EC-9BD4-C0E6F7CF7ED8}.Release|Any CPU.Build.0 = Release|Any CPU
		{89FE57E4-9D1F-44DA-8A9F-F3D8350373FA}.Debug|Any CPU.ActiveCfg = Debug|Any CPU
		{89FE57E4-9D1F-44DA-8A9F-F3D8350373FA}.Debug|Any CPU.Build.0 = Debug|Any CPU
		{89FE57E4-9D1F-44DA-8A9F-F3D8350373FA}.Release|Any CPU.ActiveCfg = Release|Any CPU
		{89FE57E4-9D1F-44DA-8A9F-F3D8350373FA}.Release|Any CPU.Build.0 = Release|Any CPU
		{084EEB5D-78F6-461D-9231-FA693E979D33}.Debug|Any CPU.ActiveCfg = Debug|Any CPU
		{084EEB5D-78F6-461D-9231-FA693E979D33}.Debug|Any CPU.Build.0 = Debug|Any CPU
		{084EEB5D-78F6-461D-9231-FA693E979D33}.Release|Any CPU.ActiveCfg = Release|Any CPU
		{084EEB5D-78F6-461D-9231-FA693E979D33}.Release|Any CPU.Build.0 = Release|Any CPU
		{9B3F73FF-7DF0-432B-A7F3-CB3C5F5D4555}.Debug|Any CPU.ActiveCfg = Debug|Any CPU
		{9B3F73FF-7DF0-432B-A7F3-CB3C5F5D4555}.Debug|Any CPU.Build.0 = Debug|Any CPU
		{9B3F73FF-7DF0-432B-A7F3-CB3C5F5D4555}.Release|Any CPU.ActiveCfg = Release|Any CPU
		{9B3F73FF-7DF0-432B-A7F3-CB3C5F5D4555}.Release|Any CPU.Build.0 = Release|Any CPU
		{8D51843C-1095-4ACC-8825-8D9697547EA2}.Debug|Any CPU.ActiveCfg = Debug|Any CPU
		{8D51843C-1095-4ACC-8825-8D9697547EA2}.Debug|Any CPU.Build.0 = Debug|Any CPU
		{8D51843C-1095-4ACC-8825-8D9697547EA2}.Release|Any CPU.ActiveCfg = Release|Any CPU
		{8D51843C-1095-4ACC-8825-8D9697547EA2}.Release|Any CPU.Build.0 = Release|Any CPU
		{5A6AF9EE-A7B6-4DF7-8242-E98BD937E4E1}.Debug|Any CPU.ActiveCfg = Debug|Any CPU
		{5A6AF9EE-A7B6-4DF7-8242-E98BD937E4E1}.Debug|Any CPU.Build.0 = Debug|Any CPU
		{5A6AF9EE-A7B6-4DF7-8242-E98BD937E4E1}.Release|Any CPU.ActiveCfg = Release|Any CPU
		{5A6AF9EE-A7B6-4DF7-8242-E98BD937E4E1}.Release|Any CPU.Build.0 = Release|Any CPU
		{7D2B63B2-362A-439F-8F1C-FCBC1B57B244}.Debug|Any CPU.ActiveCfg = Debug|Any CPU
		{7D2B63B2-362A-439F-8F1C-FCBC1B57B244}.Debug|Any CPU.Build.0 = Debug|Any CPU
		{7D2B63B2-362A-439F-8F1C-FCBC1B57B244}.Release|Any CPU.ActiveCfg = Release|Any CPU
		{7D2B63B2-362A-439F-8F1C-FCBC1B57B244}.Release|Any CPU.Build.0 = Release|Any CPU
		{5ADCADD6-0D74-4B57-8F2B-B78C3E457248}.Debug|Any CPU.ActiveCfg = Debug|Any CPU
		{5ADCADD6-0D74-4B57-8F2B-B78C3E457248}.Debug|Any CPU.Build.0 = Debug|Any CPU
		{5ADCADD6-0D74-4B57-8F2B-B78C3E457248}.Release|Any CPU.ActiveCfg = Release|Any CPU
		{5ADCADD6-0D74-4B57-8F2B-B78C3E457248}.Release|Any CPU.Build.0 = Release|Any CPU
		{6BC21862-754A-451D-81B1-BC5B88F2C568}.Debug|Any CPU.ActiveCfg = Debug|Any CPU
		{6BC21862-754A-451D-81B1-BC5B88F2C568}.Debug|Any CPU.Build.0 = Debug|Any CPU
		{6BC21862-754A-451D-81B1-BC5B88F2C568}.Release|Any CPU.ActiveCfg = Release|Any CPU
		{6BC21862-754A-451D-81B1-BC5B88F2C568}.Release|Any CPU.Build.0 = Release|Any CPU
	EndGlobalSection
	GlobalSection(SolutionProperties) = preSolution
		HideSolutionNode = FALSE
	EndGlobalSection
	GlobalSection(NestedProjects) = preSolution
		{408DCCCE-EB2F-40EC-9BD4-C0E6F7CF7ED8} = {1C6AC8E2-05F4-4BB1-BBA0-A8EE24A8B0D5}
		{89FE57E4-9D1F-44DA-8A9F-F3D8350373FA} = {1C6AC8E2-05F4-4BB1-BBA0-A8EE24A8B0D5}
		{084EEB5D-78F6-461D-9231-FA693E979D33} = {82E67990-EFB4-4E11-8D1E-727BA1B61549}
		{9B3F73FF-7DF0-432B-A7F3-CB3C5F5D4555} = {82E67990-EFB4-4E11-8D1E-727BA1B61549}
		{8D51843C-1095-4ACC-8825-8D9697547EA2} = {82E67990-EFB4-4E11-8D1E-727BA1B61549}
		{5A6AF9EE-A7B6-4DF7-8242-E98BD937E4E1} = {82E67990-EFB4-4E11-8D1E-727BA1B61549}
		{7D2B63B2-362A-439F-8F1C-FCBC1B57B244} = {82E67990-EFB4-4E11-8D1E-727BA1B61549}
		{5ADCADD6-0D74-4B57-8F2B-B78C3E457248} = {82E67990-EFB4-4E11-8D1E-727BA1B61549}
		{6BC21862-754A-451D-81B1-BC5B88F2C568} = {82E67990-EFB4-4E11-8D1E-727BA1B61549}
	EndGlobalSection
	GlobalSection(ExtensibilityGlobals) = postSolution
		SolutionGuid = {387709D1-8E46-4F50-904B-F073ED7FEB1D}
	EndGlobalSection
EndGlobal
